
Microsoft Visual Studio Solution File, Format Version 12.00
# Visual Studio 14
VisualStudioVersion = 14.0.25123.0
MinimumVisualStudioVersion = 10.0.40219.1
Project("{FAE04EC0-301F-11D3-BF4B-00C04F79EFBC}") = "ex2", "ex2\ex2.csproj", "{446BDCFB-FB6D-4903-9842-7999E664264B}"
EndProject
Project("{FAE04EC0-301F-11D3-BF4B-00C04F79EFBC}") = "ex2.Tests", "ex2.Tests\ex2.Tests.csproj", "{10A53908-3316-4664-AFEE-8915BDE91716}"
EndProject
Global
	GlobalSection(SolutionConfigurationPlatforms) = preSolution
		Debug|Any CPU = Debug|Any CPU
		Release|Any CPU = Release|Any CPU
	EndGlobalSection
	GlobalSection(ProjectConfigurationPlatforms) = postSolution
		{446BDCFB-FB6D-4903-9842-7999E664264B}.Debug|Any CPU.ActiveCfg = Debug|Any CPU
		{446BDCFB-FB6D-4903-9842-7999E664264B}.Debug|Any CPU.Build.0 = Debug|Any CPU
		{446BDCFB-FB6D-4903-9842-7999E664264B}.Release|Any CPU.ActiveCfg = Release|Any CPU
		{446BDCFB-FB6D-4903-9842-7999E664264B}.Release|Any CPU.Build.0 = Release|Any CPU
		{10A53908-3316-4664-AFEE-8915BDE91716}.Debug|Any CPU.ActiveCfg = Debug|Any CPU
		{10A53908-3316-4664-AFEE-8915BDE91716}.Debug|Any CPU.Build.0 = Debug|Any CPU
		{10A53908-3316-4664-AFEE-8915BDE91716}.Release|Any CPU.ActiveCfg = Release|Any CPU
		{10A53908-3316-4664-AFEE-8915BDE91716}.Release|Any CPU.Build.0 = Release|Any CPU
	EndGlobalSection
	GlobalSection(SolutionProperties) = preSolution
		HideSolutionNode = FALSE
	EndGlobalSection
EndGlobal
