
Microsoft Visual Studio Solution File, Format Version 12.00
# Visual Studio 14
VisualStudioVersion = 14.0.25123.0
MinimumVisualStudioVersion = 10.0.40219.1
Project("{FAE04EC0-301F-11D3-BF4B-00C04F79EFBC}") = "ex8", "ex8\ex8.csproj", "{58B10576-1387-4AA4-AB60-2D190B71DAB1}"
EndProject
Project("{FAE04EC0-301F-11D3-BF4B-00C04F79EFBC}") = "ex8.Tests", "ex8.Tests\ex8.Tests.csproj", "{C5B0ED83-BBF5-498E-BDAF-01B1E22C409B}"
EndProject
Global
	GlobalSection(SolutionConfigurationPlatforms) = preSolution
		Debug|Any CPU = Debug|Any CPU
		Release|Any CPU = Release|Any CPU
	EndGlobalSection
	GlobalSection(ProjectConfigurationPlatforms) = postSolution
		{58B10576-1387-4AA4-AB60-2D190B71DAB1}.Debug|Any CPU.ActiveCfg = Debug|Any CPU
		{58B10576-1387-4AA4-AB60-2D190B71DAB1}.Debug|Any CPU.Build.0 = Debug|Any CPU
		{58B10576-1387-4AA4-AB60-2D190B71DAB1}.Release|Any CPU.ActiveCfg = Release|Any CPU
		{58B10576-1387-4AA4-AB60-2D190B71DAB1}.Release|Any CPU.Build.0 = Release|Any CPU
		{C5B0ED83-BBF5-498E-BDAF-01B1E22C409B}.Debug|Any CPU.ActiveCfg = Debug|Any CPU
		{C5B0ED83-BBF5-498E-BDAF-01B1E22C409B}.Debug|Any CPU.Build.0 = Debug|Any CPU
		{C5B0ED83-BBF5-498E-BDAF-01B1E22C409B}.Release|Any CPU.ActiveCfg = Release|Any CPU
		{C5B0ED83-BBF5-498E-BDAF-01B1E22C409B}.Release|Any CPU.Build.0 = Release|Any CPU
	EndGlobalSection
	GlobalSection(SolutionProperties) = preSolution
		HideSolutionNode = FALSE
	EndGlobalSection
EndGlobal
