
Microsoft Visual Studio Solution File, Format Version 12.00
# Visual Studio 14
VisualStudioVersion = 14.0.25123.0
MinimumVisualStudioVersion = 10.0.40219.1
Project("{FAE04EC0-301F-11D3-BF4B-00C04F79EFBC}") = "ex7", "ex7\ex7.csproj", "{D979181E-38F5-46D4-9087-3377102A57BD}"
EndProject
Project("{FAE04EC0-301F-11D3-BF4B-00C04F79EFBC}") = "ex7.Tests", "ex7.Tests\ex7.Tests.csproj", "{DDF5ED93-BB29-478B-985F-B1ACA4F4CE2F}"
EndProject
Global
	GlobalSection(SolutionConfigurationPlatforms) = preSolution
		Debug|Any CPU = Debug|Any CPU
		Release|Any CPU = Release|Any CPU
	EndGlobalSection
	GlobalSection(ProjectConfigurationPlatforms) = postSolution
		{D979181E-38F5-46D4-9087-3377102A57BD}.Debug|Any CPU.ActiveCfg = Debug|Any CPU
		{D979181E-38F5-46D4-9087-3377102A57BD}.Debug|Any CPU.Build.0 = Debug|Any CPU
		{D979181E-38F5-46D4-9087-3377102A57BD}.Release|Any CPU.ActiveCfg = Release|Any CPU
		{D979181E-38F5-46D4-9087-3377102A57BD}.Release|Any CPU.Build.0 = Release|Any CPU
		{DDF5ED93-BB29-478B-985F-B1ACA4F4CE2F}.Debug|Any CPU.ActiveCfg = Debug|Any CPU
		{DDF5ED93-BB29-478B-985F-B1ACA4F4CE2F}.Debug|Any CPU.Build.0 = Debug|Any CPU
		{DDF5ED93-BB29-478B-985F-B1ACA4F4CE2F}.Release|Any CPU.ActiveCfg = Release|Any CPU
		{DDF5ED93-BB29-478B-985F-B1ACA4F4CE2F}.Release|Any CPU.Build.0 = Release|Any CPU
	EndGlobalSection
	GlobalSection(SolutionProperties) = preSolution
		HideSolutionNode = FALSE
	EndGlobalSection
EndGlobal
