
Microsoft Visual Studio Solution File, Format Version 12.00
# Visual Studio 14
VisualStudioVersion = 14.0.25123.0
MinimumVisualStudioVersion = 10.0.40219.1
Project("{FAE04EC0-301F-11D3-BF4B-00C04F79EFBC}") = "ex3", "ex3\ex3.csproj", "{2ED25666-964F-4308-AD20-AB4CED7DFFA7}"
EndProject
Project("{FAE04EC0-301F-11D3-BF4B-00C04F79EFBC}") = "ex3.Tests", "ex3.Tests\ex3.Tests.csproj", "{5D4779E0-899F-49C8-825E-30BDBE9F2C9C}"
EndProject
Global
	GlobalSection(SolutionConfigurationPlatforms) = preSolution
		Debug|Any CPU = Debug|Any CPU
		Release|Any CPU = Release|Any CPU
	EndGlobalSection
	GlobalSection(ProjectConfigurationPlatforms) = postSolution
		{2ED25666-964F-4308-AD20-AB4CED7DFFA7}.Debug|Any CPU.ActiveCfg = Debug|Any CPU
		{2ED25666-964F-4308-AD20-AB4CED7DFFA7}.Debug|Any CPU.Build.0 = Debug|Any CPU
		{2ED25666-964F-4308-AD20-AB4CED7DFFA7}.Release|Any CPU.ActiveCfg = Release|Any CPU
		{2ED25666-964F-4308-AD20-AB4CED7DFFA7}.Release|Any CPU.Build.0 = Release|Any CPU
		{5D4779E0-899F-49C8-825E-30BDBE9F2C9C}.Debug|Any CPU.ActiveCfg = Debug|Any CPU
		{5D4779E0-899F-49C8-825E-30BDBE9F2C9C}.Debug|Any CPU.Build.0 = Debug|Any CPU
		{5D4779E0-899F-49C8-825E-30BDBE9F2C9C}.Release|Any CPU.ActiveCfg = Release|Any CPU
		{5D4779E0-899F-49C8-825E-30BDBE9F2C9C}.Release|Any CPU.Build.0 = Release|Any CPU
	EndGlobalSection
	GlobalSection(SolutionProperties) = preSolution
		HideSolutionNode = FALSE
	EndGlobalSection
EndGlobal
